
Microsoft Visual Studio Solution File, Format Version 12.00
# Visual Studio Version 16
VisualStudioVersion = 16.0.31729.503
MinimumVisualStudioVersion = 10.0.40219.1
Project("{FAE04EC0-301F-11D3-BF4B-00C04F79EFBC}") = "ConsoleApp1", "ConsoleApp1\ConsoleApp1.csproj", "{1880C04A-4B37-4CFA-B8D6-A8AC7FEBDC70}"
EndProject
Global
	GlobalSection(SolutionConfigurationPlatforms) = preSolution
		Debug|Any CPU = Debug|Any CPU
		Release|Any CPU = Release|Any CPU
	EndGlobalSection
	GlobalSection(ProjectConfigurationPlatforms) = postSolution
		{1880C04A-4B37-4CFA-B8D6-A8AC7FEBDC70}.Debug|Any CPU.ActiveCfg = Debug|Any CPU
		{1880C04A-4B37-4CFA-B8D6-A8AC7FEBDC70}.Debug|Any CPU.Build.0 = Debug|Any CPU
		{1880C04A-4B37-4CFA-B8D6-A8AC7FEBDC70}.Release|Any CPU.ActiveCfg = Release|Any CPU
		{1880C04A-4B37-4CFA-B8D6-A8AC7FEBDC70}.Release|Any CPU.Build.0 = Release|Any CPU
	EndGlobalSection
	GlobalSection(SolutionProperties) = preSolution
		HideSolutionNode = FALSE
	EndGlobalSection
	GlobalSection(ExtensibilityGlobals) = postSolution
		SolutionGuid = {D0686731-382F-451F-B766-6F1FCA2EE23F}
	EndGlobalSection
EndGlobal
